
Microsoft Visual Studio Solution File, Format Version 12.00
# Visual Studio Version 17
VisualStudioVersion = 17.3.32922.545
MinimumVisualStudioVersion = 10.0.40219.1
Project("{9A19103F-16F7-4668-BE54-9A1E7A4F7556}") = "MeetUp.Api", "MeetUp.Api.csproj", "{7332C19E-0B8B-426F-8574-876155622F50}"
EndProject
Global
	GlobalSection(SolutionConfigurationPlatforms) = preSolution
		Debug|Any CPU = Debug|Any CPU
		Release|Any CPU = Release|Any CPU
	EndGlobalSection
	GlobalSection(ProjectConfigurationPlatforms) = postSolution
		{7332C19E-0B8B-426F-8574-876155622F50}.Debug|Any CPU.ActiveCfg = Debug|Any CPU
		{7332C19E-0B8B-426F-8574-876155622F50}.Debug|Any CPU.Build.0 = Debug|Any CPU
		{7332C19E-0B8B-426F-8574-876155622F50}.Release|Any CPU.ActiveCfg = Release|Any CPU
		{7332C19E-0B8B-426F-8574-876155622F50}.Release|Any CPU.Build.0 = Release|Any CPU
	EndGlobalSection
	GlobalSection(SolutionProperties) = preSolution
		HideSolutionNode = FALSE
	EndGlobalSection
	GlobalSection(ExtensibilityGlobals) = postSolution
		SolutionGuid = {C02C438F-B3FA-4D5A-BF92-25781EEBE8B3}
	EndGlobalSection
EndGlobal
