
Microsoft Visual Studio Solution File, Format Version 12.00
# Visual Studio Version 17
VisualStudioVersion = 17.3.32922.545
MinimumVisualStudioVersion = 10.0.40219.1
Project("{9A19103F-16F7-4668-BE54-9A1E7A4F7556}") = "MeetUp.Application", "MeetUp.Application\MeetUp.Application.csproj", "{4435E55E-4641-4789-9588-9092FBCBA0F1}"
EndProject
Project("{9A19103F-16F7-4668-BE54-9A1E7A4F7556}") = "MeetUp.Core", "MeetUp.Core\MeetUp.Core.csproj", "{307C6AE9-E9A8-436E-B397-29336A567817}"
EndProject
Project("{9A19103F-16F7-4668-BE54-9A1E7A4F7556}") = "MeetUp.Data", "MeetUp.Data\MeetUp.Data.csproj", "{10B654D3-A734-4BC1-B7C7-A972B39CA03E}"
EndProject
Project("{9A19103F-16F7-4668-BE54-9A1E7A4F7556}") = "MeetUp.Domain", "MeetUp.Domain\MeetUp.Domain.csproj", "{D3A62DA1-30EA-42E9-9A32-2A70417EC86C}"
EndProject
Project("{9A19103F-16F7-4668-BE54-9A1E7A4F7556}") = "MeetUp.Api", "MeetUp.Api\MeetUp.Api.csproj", "{0B6C32C8-F7BE-479B-978F-71AB616FEF41}"
EndProject
Global
	GlobalSection(SolutionConfigurationPlatforms) = preSolution
		Debug|Any CPU = Debug|Any CPU
		Release|Any CPU = Release|Any CPU
	EndGlobalSection
	GlobalSection(ProjectConfigurationPlatforms) = postSolution
		{4435E55E-4641-4789-9588-9092FBCBA0F1}.Debug|Any CPU.ActiveCfg = Debug|Any CPU
		{4435E55E-4641-4789-9588-9092FBCBA0F1}.Debug|Any CPU.Build.0 = Debug|Any CPU
		{4435E55E-4641-4789-9588-9092FBCBA0F1}.Release|Any CPU.ActiveCfg = Release|Any CPU
		{4435E55E-4641-4789-9588-9092FBCBA0F1}.Release|Any CPU.Build.0 = Release|Any CPU
		{307C6AE9-E9A8-436E-B397-29336A567817}.Debug|Any CPU.ActiveCfg = Debug|Any CPU
		{307C6AE9-E9A8-436E-B397-29336A567817}.Debug|Any CPU.Build.0 = Debug|Any CPU
		{307C6AE9-E9A8-436E-B397-29336A567817}.Release|Any CPU.ActiveCfg = Release|Any CPU
		{307C6AE9-E9A8-436E-B397-29336A567817}.Release|Any CPU.Build.0 = Release|Any CPU
		{10B654D3-A734-4BC1-B7C7-A972B39CA03E}.Debug|Any CPU.ActiveCfg = Debug|Any CPU
		{10B654D3-A734-4BC1-B7C7-A972B39CA03E}.Debug|Any CPU.Build.0 = Debug|Any CPU
		{10B654D3-A734-4BC1-B7C7-A972B39CA03E}.Release|Any CPU.ActiveCfg = Release|Any CPU
		{10B654D3-A734-4BC1-B7C7-A972B39CA03E}.Release|Any CPU.Build.0 = Release|Any CPU
		{D3A62DA1-30EA-42E9-9A32-2A70417EC86C}.Debug|Any CPU.ActiveCfg = Debug|Any CPU
		{D3A62DA1-30EA-42E9-9A32-2A70417EC86C}.Debug|Any CPU.Build.0 = Debug|Any CPU
		{D3A62DA1-30EA-42E9-9A32-2A70417EC86C}.Release|Any CPU.ActiveCfg = Release|Any CPU
		{D3A62DA1-30EA-42E9-9A32-2A70417EC86C}.Release|Any CPU.Build.0 = Release|Any CPU
		{0B6C32C8-F7BE-479B-978F-71AB616FEF41}.Debug|Any CPU.ActiveCfg = Debug|Any CPU
		{0B6C32C8-F7BE-479B-978F-71AB616FEF41}.Debug|Any CPU.Build.0 = Debug|Any CPU
		{0B6C32C8-F7BE-479B-978F-71AB616FEF41}.Release|Any CPU.ActiveCfg = Release|Any CPU
		{0B6C32C8-F7BE-479B-978F-71AB616FEF41}.Release|Any CPU.Build.0 = Release|Any CPU
	EndGlobalSection
	GlobalSection(SolutionProperties) = preSolution
		HideSolutionNode = FALSE
	EndGlobalSection
	GlobalSection(ExtensibilityGlobals) = postSolution
		SolutionGuid = {A2EFFEBC-722B-47FF-8CAA-379AA4A9D46C}
	EndGlobalSection
EndGlobal
